
Microsoft Visual Studio Solution File, Format Version 11.00
# Visual Studio 2010
Project("{FAE04EC0-301F-11D3-BF4B-00C04F79EFBC}") = "Website", "WebApp\Website.csproj", "{643DDA66-5AB4-4E45-B505-568A729455AD}"
EndProject
Project("{FAE04EC0-301F-11D3-BF4B-00C04F79EFBC}") = "Logic", "Logic\Logic.csproj", "{A008E7F5-686C-4B78-9B01-44F181B8CC93}"
EndProject
Project("{FAE04EC0-301F-11D3-BF4B-00C04F79EFBC}") = "Tests", "Tests\Tests.csproj", "{66A7F17E-96A6-427E-9F13-C9BE40347DA9}"
EndProject
Project("{FAE04EC0-301F-11D3-BF4B-00C04F79EFBC}") = "Installer", "Installer\Installer.csproj", "{10C6C8F0-015E-43FF-A74E-12624A63E17B}"
EndProject
Global
	GlobalSection(SolutionConfigurationPlatforms) = preSolution
		Debug|Any CPU = Debug|Any CPU
		Release|Any CPU = Release|Any CPU
	EndGlobalSection
	GlobalSection(ProjectConfigurationPlatforms) = postSolution
		{643DDA66-5AB4-4E45-B505-568A729455AD}.Debug|Any CPU.ActiveCfg = Debug|Any CPU
		{643DDA66-5AB4-4E45-B505-568A729455AD}.Debug|Any CPU.Build.0 = Debug|Any CPU
		{643DDA66-5AB4-4E45-B505-568A729455AD}.Release|Any CPU.ActiveCfg = Release|Any CPU
		{643DDA66-5AB4-4E45-B505-568A729455AD}.Release|Any CPU.Build.0 = Release|Any CPU
		{A008E7F5-686C-4B78-9B01-44F181B8CC93}.Debug|Any CPU.ActiveCfg = Debug|Any CPU
		{A008E7F5-686C-4B78-9B01-44F181B8CC93}.Debug|Any CPU.Build.0 = Debug|Any CPU
		{A008E7F5-686C-4B78-9B01-44F181B8CC93}.Release|Any CPU.ActiveCfg = Release|Any CPU
		{A008E7F5-686C-4B78-9B01-44F181B8CC93}.Release|Any CPU.Build.0 = Release|Any CPU
		{66A7F17E-96A6-427E-9F13-C9BE40347DA9}.Debug|Any CPU.ActiveCfg = Debug|Any CPU
		{66A7F17E-96A6-427E-9F13-C9BE40347DA9}.Debug|Any CPU.Build.0 = Debug|Any CPU
		{66A7F17E-96A6-427E-9F13-C9BE40347DA9}.Release|Any CPU.ActiveCfg = Release|Any CPU
		{66A7F17E-96A6-427E-9F13-C9BE40347DA9}.Release|Any CPU.Build.0 = Release|Any CPU
		{10C6C8F0-015E-43FF-A74E-12624A63E17B}.Debug|Any CPU.ActiveCfg = Debug|Any CPU
		{10C6C8F0-015E-43FF-A74E-12624A63E17B}.Debug|Any CPU.Build.0 = Debug|Any CPU
		{10C6C8F0-015E-43FF-A74E-12624A63E17B}.Release|Any CPU.ActiveCfg = Release|Any CPU
		{10C6C8F0-015E-43FF-A74E-12624A63E17B}.Release|Any CPU.Build.0 = Release|Any CPU
	EndGlobalSection
	GlobalSection(SolutionProperties) = preSolution
		HideSolutionNode = FALSE
	EndGlobalSection
EndGlobal
